// !$*UTF8*$!
{
	archiveVersion = 1;
	classes = {
	};
	objectVersion = 55;
	objects = {

/* Begin PBXBuildFile section */
		EDC7FDCA27FC60C800A7349E /* AppDelegate.swift in Sources */ = {isa = PBXBuildFile; fileRef = EDC7FDC927FC60C800A7349E /* AppDelegate.swift */; };
		EDC7FDCC27FC60C800A7349E /* SceneDelegate.swift in Sources */ = {isa = PBXBuildFile; fileRef = EDC7FDCB27FC60C800A7349E /* SceneDelegate.swift */; };
		EDC7FDCE27FC60C800A7349E /* ViewController.swift in Sources */ = {isa = PBXBuildFile; fileRef = EDC7FDCD27FC60C800A7349E /* ViewController.swift */; };
		EDC7FDD127FC60C800A7349E /* Main.storyboard in Resources */ = {isa = PBXBuildFile; fileRef = EDC7FDCF27FC60C800A7349E /* Main.storyboard */; };
		EDC7FDD327FC60CA00A7349E /* Assets.xcassets in Resources */ = {isa = PBXBuildFile; fileRef = EDC7FDD227FC60CA00A7349E /* Assets.xcassets */; };
		EDC7FDD627FC60CA00A7349E /* LaunchScreen.storyboard in Resources */ = {isa = PBXBuildFile; fileRef = EDC7FDD427FC60CA00A7349E /* LaunchScreen.storyboard */; };
		EDC7FDDE27FC7A3300A7349E /* DataManager.swift in Sources */ = {isa = PBXBuildFile; fileRef = EDC7FDDD27FC7A3300A7349E /* DataManager.swift */; };
		EDC7FDE027FC7B8F00A7349E /* RandomSettings.swift in Sources */ = {isa = PBXBuildFile; fileRef = EDC7FDDF27FC7B8F00A7349E /* RandomSettings.swift */; };
		F1947C3FCD2D01D18E5609DF /* Pods_Animations_Tests.framework in Frameworks */ = {isa = PBXBuildFile; fileRef = 12F019690EE23F631FD4131F /* Pods_Animations_Tests.framework */; };
/* End PBXBuildFile section */

/* Begin PBXFileReference section */
		12F019690EE23F631FD4131F /* Pods_Animations_Tests.framework */ = {isa = PBXFileReference; explicitFileType = wrapper.framework; includeInIndex = 0; path = Pods_Animations_Tests.framework; sourceTree = BUILT_PRODUCTS_DIR; };
		2577DA2605EE58D31D6113B9 /* Pods-Animations Tests.debug.xcconfig */ = {isa = PBXFileReference; includeInIndex = 1; lastKnownFileType = text.xcconfig; name = "Pods-Animations Tests.debug.xcconfig"; path = "Target Support Files/Pods-Animations Tests/Pods-Animations Tests.debug.xcconfig"; sourceTree = "<group>"; };
		40E83EF2BDF908D9DE3A148B /* Pods-Animations Tests.release.xcconfig */ = {isa = PBXFileReference; includeInIndex = 1; lastKnownFileType = text.xcconfig; name = "Pods-Animations Tests.release.xcconfig"; path = "Target Support Files/Pods-Animations Tests/Pods-Animations Tests.release.xcconfig"; sourceTree = "<group>"; };
		EDC7FDC627FC60C800A7349E /* Animations Tests.app */ = {isa = PBXFileReference; explicitFileType = wrapper.application; includeInIndex = 0; path = "Animations Tests.app"; sourceTree = BUILT_PRODUCTS_DIR; };
		EDC7FDC927FC60C800A7349E /* AppDelegate.swift */ = {isa = PBXFileReference; lastKnownFileType = sourcecode.swift; path = AppDelegate.swift; sourceTree = "<group>"; };
		EDC7FDCB27FC60C800A7349E /* SceneDelegate.swift */ = {isa = PBXFileReference; lastKnownFileType = sourcecode.swift; path = SceneDelegate.swift; sourceTree = "<group>"; };
		EDC7FDCD27FC60C800A7349E /* ViewController.swift */ = {isa = PBXFileReference; lastKnownFileType = sourcecode.swift; path = ViewController.swift; sourceTree = "<group>"; };
		EDC7FDD027FC60C800A7349E /* Base */ = {isa = PBXFileReference; lastKnownFileType = file.storyboard; name = Base; path = Base.lproj/Main.storyboard; sourceTree = "<group>"; };
		EDC7FDD227FC60CA00A7349E /* Assets.xcassets */ = {isa = PBXFileReference; lastKnownFileType = folder.assetcatalog; path = Assets.xcassets; sourceTree = "<group>"; };
		EDC7FDD527FC60CA00A7349E /* Base */ = {isa = PBXFileReference; lastKnownFileType = file.storyboard; name = Base; path = Base.lproj/LaunchScreen.storyboard; sourceTree = "<group>"; };
		EDC7FDD727FC60CA00A7349E /* Info.plist */ = {isa = PBXFileReference; lastKnownFileType = text.plist.xml; path = Info.plist; sourceTree = "<group>"; };
		EDC7FDDD27FC7A3300A7349E /* DataManager.swift */ = {isa = PBXFileReference; lastKnownFileType = sourcecode.swift; path = DataManager.swift; sourceTree = "<group>"; };
		EDC7FDDF27FC7B8F00A7349E /* RandomSettings.swift */ = {isa = PBXFileReference; lastKnownFileType = sourcecode.swift; path = RandomSettings.swift; sourceTree = "<group>"; };
/* End PBXFileReference section */

/* Begin PBXFrameworksBuildPhase section */
		EDC7FDC327FC60C800A7349E /* Frameworks */ = {
			isa = PBXFrameworksBuildPhase;
			buildActionMask = 2147483647;
			files = (
				F1947C3FCD2D01D18E5609DF /* Pods_Animations_Tests.framework in Frameworks */,
			);
			runOnlyForDeploymentPostprocessing = 0;
		};
/* End PBXFrameworksBuildPhase section */

/* Begin PBXGroup section */
		55EC87B137D294041890838E /* Pods */ = {
			isa = PBXGroup;
			children = (
				2577DA2605EE58D31D6113B9 /* Pods-Animations Tests.debug.xcconfig */,
				40E83EF2BDF908D9DE3A148B /* Pods-Animations Tests.release.xcconfig */,
			);
			path = Pods;
			sourceTree = "<group>";
		};
		B8CE7CCFA2A5044D01FEC80B /* Frameworks */ = {
			isa = PBXGroup;
			children = (
				12F019690EE23F631FD4131F /* Pods_Animations_Tests.framework */,
			);
			name = Frameworks;
			sourceTree = "<group>";
		};
		EDC7FDBD27FC60C800A7349E = {
			isa = PBXGroup;
			children = (
				EDC7FDC827FC60C800A7349E /* Animations Tests */,
				EDC7FDC727FC60C800A7349E /* Products */,
				55EC87B137D294041890838E /* Pods */,
				B8CE7CCFA2A5044D01FEC80B /* Frameworks */,
			);
			sourceTree = "<group>";
		};
		EDC7FDC727FC60C800A7349E /* Products */ = {
			isa = PBXGroup;
			children = (
				EDC7FDC627FC60C800A7349E /* Animations Tests.app */,
			);
			name = Products;
			sourceTree = "<group>";
		};
		EDC7FDC827FC60C800A7349E /* Animations Tests */ = {
			isa = PBXGroup;
			children = (
				EDC7FDC927FC60C800A7349E /* AppDelegate.swift */,
				EDC7FDCB27FC60C800A7349E /* SceneDelegate.swift */,
				EDC7FDCD27FC60C800A7349E /* ViewController.swift */,
				EDC7FDCF27FC60C800A7349E /* Main.storyboard */,
				EDC7FDDD27FC7A3300A7349E /* DataManager.swift */,
				EDC7FDDF27FC7B8F00A7349E /* RandomSettings.swift */,
				EDC7FDD227FC60CA00A7349E /* Assets.xcassets */,
				EDC7FDD427FC60CA00A7349E /* LaunchScreen.storyboard */,
				EDC7FDD727FC60CA00A7349E /* Info.plist */,
			);
			path = "Animations Tests";
			sourceTree = "<group>";
		};
/* End PBXGroup section */

/* Begin PBXNativeTarget section */
		EDC7FDC527FC60C800A7349E /* Animations Tests */ = {
			isa = PBXNativeTarget;
			buildConfigurationList = EDC7FDDA27FC60CA00A7349E /* Build configuration list for PBXNativeTarget "Animations Tests" */;
			buildPhases = (
				7CEADB51951D5A65D950212A /* [CP] Check Pods Manifest.lock */,
				EDC7FDC227FC60C800A7349E /* Sources */,
				EDC7FDC327FC60C800A7349E /* Frameworks */,
				EDC7FDC427FC60C800A7349E /* Resources */,
				EC8954F5AB850044336C0DFB /* [CP] Embed Pods Frameworks */,
			);
			buildRules = (
			);
			dependencies = (
			);
			name = "Animations Tests";
			productName = "Animations Tests";
			productReference = EDC7FDC627FC60C800A7349E /* Animations Tests.app */;
			productType = "com.apple.product-type.application";
		};
/* End PBXNativeTarget section */

/* Begin PBXProject section */
		EDC7FDBE27FC60C800A7349E /* Project object */ = {
			isa = PBXProject;
			attributes = {
				BuildIndependentTargetsInParallel = 1;
				LastSwiftUpdateCheck = 1330;
				LastUpgradeCheck = 1330;
				TargetAttributes = {
					EDC7FDC527FC60C800A7349E = {
						CreatedOnToolsVersion = 13.3;
					};
				};
			};
			buildConfigurationList = EDC7FDC127FC60C800A7349E /* Build configuration list for PBXProject "Animations Tests" */;
			compatibilityVersion = "Xcode 13.0";
			developmentRegion = en;
			hasScannedForEncodings = 0;
			knownRegions = (
				en,
				Base,
			);
			mainGroup = EDC7FDBD27FC60C800A7349E;
			productRefGroup = EDC7FDC727FC60C800A7349E /* Products */;
			projectDirPath = "";
			projectRoot = "";
			targets = (
				EDC7FDC527FC60C800A7349E /* Animations Tests */,
			);
		};
/* End PBXProject section */

/* Begin PBXResourcesBuildPhase section */
		EDC7FDC427FC60C800A7349E /* Resources */ = {
			isa = PBXResourcesBuildPhase;
			buildActionMask = 2147483647;
			files = (
				EDC7FDD627FC60CA00A7349E /* LaunchScreen.storyboard in Resources */,
				EDC7FDD327FC60CA00A7349E /* Assets.xcassets in Resources */,
				EDC7FDD127FC60C800A7349E /* Main.storyboard in Resources */,
			);
			runOnlyForDeploymentPostprocessing = 0;
		};
/* End PBXResourcesBuildPhase section */

/* Begin PBXShellScriptBuildPhase section */
		7CEADB51951D5A65D950212A /* [CP] Check Pods Manifest.lock */ = {
			isa = PBXShellScriptBuildPhase;
			buildActionMask = 2147483647;
			files = (
			);
			inputFileListPaths = (
			);
			inputPaths = (
				"${PODS_PODFILE_DIR_PATH}/Podfile.lock",
				"${PODS_ROOT}/Manifest.lock",
			);
			name = "[CP] Check Pods Manifest.lock";
			outputFileListPaths = (
			);
			outputPaths = (
				"$(DERIVED_FILE_DIR)/Pods-Animations Tests-checkManifestLockResult.txt",
			);
			runOnlyForDeploymentPostprocessing = 0;
			shellPath = /bin/sh;
			shellScript = "diff \"${PODS_PODFILE_DIR_PATH}/Podfile.lock\" \"${PODS_ROOT}/Manifest.lock\" > /dev/null\nif [ $? != 0 ] ; then\n    # print error to STDERR\n    echo \"error: The sandbox is not in sync with the Podfile.lock. Run 'pod install' or update your CocoaPods installation.\" >&2\n    exit 1\nfi\n# This output is used by Xcode 'outputs' to avoid re-running this script phase.\necho \"SUCCESS\" > \"${SCRIPT_OUTPUT_FILE_0}\"\n";
			showEnvVarsInLog = 0;
		};
		EC8954F5AB850044336C0DFB /* [CP] Embed Pods Frameworks */ = {
			isa = PBXShellScriptBuildPhase;
			buildActionMask = 2147483647;
			files = (
			);
			inputFileListPaths = (
				"${PODS_ROOT}/Target Support Files/Pods-Animations Tests/Pods-Animations Tests-frameworks-${CONFIGURATION}-input-files.xcfilelist",
			);
			name = "[CP] Embed Pods Frameworks";
			outputFileListPaths = (
				"${PODS_ROOT}/Target Support Files/Pods-Animations Tests/Pods-Animations Tests-frameworks-${CONFIGURATION}-output-files.xcfilelist",
			);
			runOnlyForDeploymentPostprocessing = 0;
			shellPath = /bin/sh;
			shellScript = "\"${PODS_ROOT}/Target Support Files/Pods-Animations Tests/Pods-Animations Tests-frameworks.sh\"\n";
			showEnvVarsInLog = 0;
		};
/* End PBXShellScriptBuildPhase section */

/* Begin PBXSourcesBuildPhase section */
		EDC7FDC227FC60C800A7349E /* Sources */ = {
			isa = PBXSourcesBuildPhase;
			buildActionMask = 2147483647;
			files = (
				EDC7FDCE27FC60C800A7349E /* ViewController.swift in Sources */,
				EDC7FDDE27FC7A3300A7349E /* DataManager.swift in Sources */,
				EDC7FDE027FC7B8F00A7349E /* RandomSettings.swift in Sources */,
				EDC7FDCA27FC60C800A7349E /* AppDelegate.swift in Sources */,
				EDC7FDCC27FC60C800A7349E /* SceneDelegate.swift in Sources */,
			);
			runOnlyForDeploymentPostprocessing = 0;
		};
/* End PBXSourcesBuildPhase section */

/* Begin PBXVariantGroup section */
		EDC7FDCF27FC60C800A7349E /* Main.storyboard */ = {
			isa = PBXVariantGroup;
			children = (
				EDC7FDD027FC60C800A7349E /* Base */,
			);
			name = Main.storyboard;
			sourceTree = "<group>";
		};
		EDC7FDD427FC60CA00A7349E /* LaunchScreen.storyboard */ = {
			isa = PBXVariantGroup;
			children = (
				EDC7FDD527FC60CA00A7349E /* Base */,
			);
			name = LaunchScreen.storyboard;
			sourceTree = "<group>";
		};
/* End PBXVariantGroup section */

/* Begin XCBuildConfiguration section */
		EDC7FDD827FC60CA00A7349E /* Debug */ = {
			isa = XCBuildConfiguration;
			buildSettings = {
				ALWAYS_SEARCH_USER_PATHS = NO;
				CLANG_ANALYZER_NONNULL = YES;
				CLANG_ANALYZER_NUMBER_OBJECT_CONVERSION = YES_AGGRESSIVE;
				CLANG_CXX_LANGUAGE_STANDARD = "gnu++17";
				CLANG_ENABLE_MODULES = YES;
				CLANG_ENABLE_OBJC_ARC = YES;
				CLANG_ENABLE_OBJC_WEAK = YES;
				CLANG_WARN_BLOCK_CAPTURE_AUTORELEASING = YES;
				CLANG_WARN_BOOL_CONVERSION = YES;
				CLANG_WARN_COMMA = YES;
				CLANG_WARN_CONSTANT_CONVERSION = YES;
				CLANG_WARN_DEPRECATED_OBJC_IMPLEMENTATIONS = YES;
				CLANG_WARN_DIRECT_OBJC_ISA_USAGE = YES_ERROR;
				CLANG_WARN_DOCUMENTATION_COMMENTS = YES;
				CLANG_WARN_EMPTY_BODY = YES;
				CLANG_WARN_ENUM_CONVERSION = YES;
				CLANG_WARN_INFINITE_RECURSION = YES;
				CLANG_WARN_INT_CONVERSION = YES;
				CLANG_WARN_NON_LITERAL_NULL_CONVERSION = YES;
				CLANG_WARN_OBJC_IMPLICIT_RETAIN_SELF = YES;
				CLANG_WARN_OBJC_LITERAL_CONVERSION = YES;
				CLANG_WARN_OBJC_ROOT_CLASS = YES_ERROR;
				CLANG_WARN_QUOTED_INCLUDE_IN_FRAMEWORK_HEADER = YES;
				CLANG_WARN_RANGE_LOOP_ANALYSIS = YES;
				CLANG_WARN_STRICT_PROTOTYPES = YES;
				CLANG_WARN_SUSPICIOUS_MOVE = YES;
				CLANG_WARN_UNGUARDED_AVAILABILITY = YES_AGGRESSIVE;
				CLANG_WARN_UNREACHABLE_CODE = YES;
				CLANG_WARN__DUPLICATE_METHOD_MATCH = YES;
				COPY_PHASE_STRIP = NO;
				DEBUG_INFORMATION_FORMAT = dwarf;
				ENABLE_STRICT_OBJC_MSGSEND = YES;
				ENABLE_TESTABILITY = YES;
				GCC_C_LANGUAGE_STANDARD = gnu11;
				GCC_DYNAMIC_NO_PIC = NO;
				GCC_NO_COMMON_BLOCKS = YES;
				GCC_OPTIMIZATION_LEVEL = 0;
				GCC_PREPROCESSOR_DEFINITIONS = (
					"DEBUG=1",
					"$(inherited)",
				);
				GCC_WARN_64_TO_32_BIT_CONVERSION = YES;
				GCC_WARN_ABOUT_RETURN_TYPE = YES_ERROR;
				GCC_WARN_UNDECLARED_SELECTOR = YES;
				GCC_WARN_UNINITIALIZED_AUTOS = YES_AGGRESSIVE;
				GCC_WARN_UNUSED_FUNCTION = YES;
				GCC_WARN_UNUSED_VARIABLE = YES;
				IPHONEOS_DEPLOYMENT_TARGET = 15.4;
				MTL_ENABLE_DEBUG_INFO = INCLUDE_SOURCE;
				MTL_FAST_MATH = YES;
				ONLY_ACTIVE_ARCH = YES;
				SDKROOT = iphoneos;
				SWIFT_ACTIVE_COMPILATION_CONDITIONS = DEBUG;
				SWIFT_OPTIMIZATION_LEVEL = "-Onone";
			};
			name = Debug;
		};
		EDC7FDD927FC60CA00A7349E /* Release */ = {
			isa = XCBuildConfiguration;
			buildSettings = {
				ALWAYS_SEARCH_USER_PATHS = NO;
				CLANG_ANALYZER_NONNULL = YES;
				CLANG_ANALYZER_NUMBER_OBJECT_CONVERSION = YES_AGGRESSIVE;
				CLANG_CXX_LANGUAGE_STANDARD = "gnu++17";
				CLANG_ENABLE_MODULES = YES;
				CLANG_ENABLE_OBJC_ARC = YES;
				CLANG_ENABLE_OBJC_WEAK = YES;
				CLANG_WARN_BLOCK_CAPTURE_AUTORELEASING = YES;
				CLANG_WARN_BOOL_CONVERSION = YES;
				CLANG_WARN_COMMA = YES;
				CLANG_WARN_CONSTANT_CONVERSION = YES;
				CLANG_WARN_DEPRECATED_OBJC_IMPLEMENTATIONS = YES;
				CLANG_WARN_DIRECT_OBJC_ISA_USAGE = YES_ERROR;
				CLANG_WARN_DOCUMENTATION_COMMENTS = YES;
				CLANG_WARN_EMPTY_BODY = YES;
				CLANG_WARN_ENUM_CONVERSION = YES;
				CLANG_WARN_INFINITE_RECURSION = YES;
				CLANG_WARN_INT_CONVERSION = YES;
				CLANG_WARN_NON_LITERAL_NULL_CONVERSION = YES;
				CLANG_WARN_OBJC_IMPLICIT_RETAIN_SELF = YES;
				CLANG_WARN_OBJC_LITERAL_CONVERSION = YES;
				CLANG_WARN_OBJC_ROOT_CLASS = YES_ERROR;
				CLANG_WARN_QUOTED_INCLUDE_IN_FRAMEWORK_HEADER = YES;
				CLANG_WARN_RANGE_LOOP_ANALYSIS = YES;
				CLANG_WARN_STRICT_PROTOTYPES = YES;
				CLANG_WARN_SUSPICIOUS_MOVE = YES;
				CLANG_WARN_UNGUARDED_AVAILABILITY = YES_AGGRESSIVE;
				CLANG_WARN_UNREACHABLE_CODE = YES;
				CLANG_WARN__DUPLICATE_METHOD_MATCH = YES;
				COPY_PHASE_STRIP = NO;
				DEBUG_INFORMATION_FORMAT = "dwarf-with-dsym";
				ENABLE_NS_ASSERTIONS = NO;
				ENABLE_STRICT_OBJC_MSGSEND = YES;
				GCC_C_LANGUAGE_STANDARD = gnu11;
				GCC_NO_COMMON_BLOCKS = YES;
				GCC_WARN_64_TO_32_BIT_CONVERSION = YES;
				GCC_WARN_ABOUT_RETURN_TYPE = YES_ERROR;
				GCC_WARN_UNDECLARED_SELECTOR = YES;
				GCC_WARN_UNINITIALIZED_AUTOS = YES_AGGRESSIVE;
				GCC_WARN_UNUSED_FUNCTION = YES;
				GCC_WARN_UNUSED_VARIABLE = YES;
				IPHONEOS_DEPLOYMENT_TARGET = 15.4;
				MTL_ENABLE_DEBUG_INFO = NO;
				MTL_FAST_MATH = YES;
				SDKROOT = iphoneos;
				SWIFT_COMPILATION_MODE = wholemodule;
				SWIFT_OPTIMIZATION_LEVEL = "-O";
				VALIDATE_PRODUCT = YES;
			};
			name = Release;
		};
		EDC7FDDB27FC60CA00A7349E /* Debug */ = {
			isa = XCBuildConfiguration;
			baseConfigurationReference = 2577DA2605EE58D31D6113B9 /* Pods-Animations Tests.debug.xcconfig */;
			buildSettings = {
				ASSETCATALOG_COMPILER_APPICON_NAME = AppIcon;
				ASSETCATALOG_COMPILER_GLOBAL_ACCENT_COLOR_NAME = AccentColor;
				CODE_SIGN_STYLE = Automatic;
				CURRENT_PROJECT_VERSION = 1;
				DEVELOPMENT_TEAM = WUPLHJKG9Y;
				GENERATE_INFOPLIST_FILE = YES;
				INFOPLIST_FILE = "Animations Tests/Info.plist";
				INFOPLIST_KEY_UIApplicationSupportsIndirectInputEvents = YES;
				INFOPLIST_KEY_UILaunchStoryboardName = LaunchScreen;
				INFOPLIST_KEY_UIMainStoryboardFile = Main;
				INFOPLIST_KEY_UISupportedInterfaceOrientations = UIInterfaceOrientationPortrait;
				INFOPLIST_KEY_UISupportedInterfaceOrientations_iPad = "UIInterfaceOrientationPortrait UIInterfaceOrientationPortraitUpsideDown UIInterfaceOrientationLandscapeLeft UIInterfaceOrientationLandscapeRight";
				INFOPLIST_KEY_UISupportedInterfaceOrientations_iPhone = "UIInterfaceOrientationPortrait UIInterfaceOrientationLandscapeLeft UIInterfaceOrientationLandscapeRight";
				LD_RUNPATH_SEARCH_PATHS = (
					"$(inherited)",
					"@executable_path/Frameworks",
				);
				MARKETING_VERSION = 1.0;
				PRODUCT_BUNDLE_IDENTIFIER = "ru.kirill-frol.Animations-Tests";
				PRODUCT_NAME = "$(TARGET_NAME)";
				SWIFT_EMIT_LOC_STRINGS = YES;
				SWIFT_VERSION = 5.0;
				TARGETED_DEVICE_FAMILY = 1;
			};
			name = Debug;
		};
		EDC7FDDC27FC60CA00A7349E /* Release */ = {
			isa = XCBuildConfiguration;
			baseConfigurationReference = 40E83EF2BDF908D9DE3A148B /* Pods-Animations Tests.release.xcconfig */;
			buildSettings = {
				ASSETCATALOG_COMPILER_APPICON_NAME = AppIcon;
				ASSETCATALOG_COMPILER_GLOBAL_ACCENT_COLOR_NAME = AccentColor;
				CODE_SIGN_STYLE = Automatic;
				CURRENT_PROJECT_VERSION = 1;
				DEVELOPMENT_TEAM = WUPLHJKG9Y;
				GENERATE_INFOPLIST_FILE = YES;
				INFOPLIST_FILE = "Animations Tests/Info.plist";
				INFOPLIST_KEY_UIApplicationSupportsIndirectInputEvents = YES;
				INFOPLIST_KEY_UILaunchStoryboardName = LaunchScreen;
				INFOPLIST_KEY_UIMainStoryboardFile = Main;
				INFOPLIST_KEY_UISupportedInterfaceOrientations = UIInterfaceOrientationPortrait;
				INFOPLIST_KEY_UISupportedInterfaceOrientations_iPad = "UIInterfaceOrientationPortrait UIInterfaceOrientationPortraitUpsideDown UIInterfaceOrientationLandscapeLeft UIInterfaceOrientationLandscapeRight";
				INFOPLIST_KEY_UISupportedInterfaceOrientations_iPhone = "UIInterfaceOrientationPortrait UIInterfaceOrientationLandscapeLeft UIInterfaceOrientationLandscapeRight";
				LD_RUNPATH_SEARCH_PATHS = (
					"$(inherited)",
					"@executable_path/Frameworks",
				);
				MARKETING_VERSION = 1.0;
				PRODUCT_BUNDLE_IDENTIFIER = "ru.kirill-frol.Animations-Tests";
				PRODUCT_NAME = "$(TARGET_NAME)";
				SWIFT_EMIT_LOC_STRINGS = YES;
				SWIFT_VERSION = 5.0;
				TARGETED_DEVICE_FAMILY = 1;
			};
			name = Release;
		};
/* End XCBuildConfiguration section */

/* Begin XCConfigurationList section */
		EDC7FDC127FC60C800A7349E /* Build configuration list for PBXProject "Animations Tests" */ = {
			isa = XCConfigurationList;
			buildConfigurations = (
				EDC7FDD827FC60CA00A7349E /* Debug */,
				EDC7FDD927FC60CA00A7349E /* Release */,
			);
			defaultConfigurationIsVisible = 0;
			defaultConfigurationName = Release;
		};
		EDC7FDDA27FC60CA00A7349E /* Build configuration list for PBXNativeTarget "Animations Tests" */ = {
			isa = XCConfigurationList;
			buildConfigurations = (
				EDC7FDDB27FC60CA00A7349E /* Debug */,
				EDC7FDDC27FC60CA00A7349E /* Release */,
			);
			defaultConfigurationIsVisible = 0;
			defaultConfigurationName = Release;
		};
/* End XCConfigurationList section */
	};
	rootObject = EDC7FDBE27FC60C800A7349E /* Project object */;
}
